// !$*UTF8*$!
{
	archiveVersion = 1;
	classes = {
	};
	objectVersion = 60;
	objects = {

/* Begin PBXBuildFile section */
		AC0D18C42C05F0D900867229 /* TCATestApp.swift in Sources */ = {isa = PBXBuildFile; fileRef = AC0D18C32C05F0D900867229 /* TCATestApp.swift */; };
		AC0D18C62C05F0D900867229 /* ContentView.swift in Sources */ = {isa = PBXBuildFile; fileRef = AC0D18C52C05F0D900867229 /* ContentView.swift */; };
		AC0D18C82C05F0DA00867229 /* Assets.xcassets in Resources */ = {isa = PBXBuildFile; fileRef = AC0D18C72C05F0DA00867229 /* Assets.xcassets */; };
		AC0D18CB2C05F0DA00867229 /* Preview Assets.xcassets in Resources */ = {isa = PBXBuildFile; fileRef = AC0D18CA2C05F0DA00867229 /* Preview Assets.xcassets */; };
		AC0D19042C0606B200867229 /* Networking in Frameworks */ = {isa = PBXBuildFile; productRef = AC0D19032C0606B200867229 /* Networking */; };
		AC0D19072C0606D600867229 /* NukeUI in Frameworks */ = {isa = PBXBuildFile; productRef = AC0D19062C0606D600867229 /* NukeUI */; };
		AC0D190A2C0606FD00867229 /* Dependencies in Frameworks */ = {isa = PBXBuildFile; productRef = AC0D19092C0606FD00867229 /* Dependencies */; };
		AC0D190C2C0606FD00867229 /* DependenciesMacros in Frameworks */ = {isa = PBXBuildFile; productRef = AC0D190B2C0606FD00867229 /* DependenciesMacros */; };
		AC0D190F2C06070D00867229 /* ComposableArchitecture in Frameworks */ = {isa = PBXBuildFile; productRef = AC0D190E2C06070D00867229 /* ComposableArchitecture */; };
		AC0D19162C072FD200867229 /* Characters in Frameworks */ = {isa = PBXBuildFile; productRef = AC0D19152C072FD200867229 /* Characters */; };
		AC0D19192C07330F00867229 /* CommonLogic in Frameworks */ = {isa = PBXBuildFile; productRef = AC0D19182C07330F00867229 /* CommonLogic */; };
/* End PBXBuildFile section */

/* Begin PBXFileReference section */
		AC0D18C02C05F0D900867229 /* TCATest.app */ = {isa = PBXFileReference; explicitFileType = wrapper.application; includeInIndex = 0; path = TCATest.app; sourceTree = BUILT_PRODUCTS_DIR; };
		AC0D18C32C05F0D900867229 /* TCATestApp.swift */ = {isa = PBXFileReference; lastKnownFileType = sourcecode.swift; path = TCATestApp.swift; sourceTree = "<group>"; };
		AC0D18C52C05F0D900867229 /* ContentView.swift */ = {isa = PBXFileReference; lastKnownFileType = sourcecode.swift; path = ContentView.swift; sourceTree = "<group>"; };
		AC0D18C72C05F0DA00867229 /* Assets.xcassets */ = {isa = PBXFileReference; lastKnownFileType = folder.assetcatalog; path = Assets.xcassets; sourceTree = "<group>"; };
		AC0D18CA2C05F0DA00867229 /* Preview Assets.xcassets */ = {isa = PBXFileReference; lastKnownFileType = folder.assetcatalog; path = "Preview Assets.xcassets"; sourceTree = "<group>"; };
		AC0D19012C06067B00867229 /* Networking */ = {isa = PBXFileReference; lastKnownFileType = wrapper; path = Networking; sourceTree = "<group>"; };
		AC0D19132C072D7100867229 /* Characters */ = {isa = PBXFileReference; lastKnownFileType = wrapper; path = Characters; sourceTree = "<group>"; };
		AC0D19172C0731C500867229 /* CommonLogic */ = {isa = PBXFileReference; lastKnownFileType = wrapper; path = CommonLogic; sourceTree = "<group>"; };
/* End PBXFileReference section */

/* Begin PBXFrameworksBuildPhase section */
		AC0D18BD2C05F0D900867229 /* Frameworks */ = {
			isa = PBXFrameworksBuildPhase;
			buildActionMask = 2147483647;
			files = (
				AC0D190F2C06070D00867229 /* ComposableArchitecture in Frameworks */,
				AC0D190A2C0606FD00867229 /* Dependencies in Frameworks */,
				AC0D19192C07330F00867229 /* CommonLogic in Frameworks */,
				AC0D19042C0606B200867229 /* Networking in Frameworks */,
				AC0D190C2C0606FD00867229 /* DependenciesMacros in Frameworks */,
				AC0D19162C072FD200867229 /* Characters in Frameworks */,
				AC0D19072C0606D600867229 /* NukeUI in Frameworks */,
			);
			runOnlyForDeploymentPostprocessing = 0;
		};
/* End PBXFrameworksBuildPhase section */

/* Begin PBXGroup section */
		AC0D18B72C05F0D900867229 = {
			isa = PBXGroup;
			children = (
				AC0D19112C072D0B00867229 /* DomainLayer */,
				AC0D19102C072D0B00867229 /* FeatureLayer */,
				AC0D19002C06065900867229 /* CoreLayer */,
				AC0D18C22C05F0D900867229 /* TCATest */,
				AC0D18C12C05F0D900867229 /* Products */,
				AC0D19142C072FD200867229 /* Frameworks */,
			);
			sourceTree = "<group>";
		};
		AC0D18C12C05F0D900867229 /* Products */ = {
			isa = PBXGroup;
			children = (
				AC0D18C02C05F0D900867229 /* TCATest.app */,
			);
			name = Products;
			sourceTree = "<group>";
		};
		AC0D18C22C05F0D900867229 /* TCATest */ = {
			isa = PBXGroup;
			children = (
				AC0D18C32C05F0D900867229 /* TCATestApp.swift */,
				AC0D18C52C05F0D900867229 /* ContentView.swift */,
				AC0D18C72C05F0DA00867229 /* Assets.xcassets */,
				AC0D18C92C05F0DA00867229 /* Preview Content */,
			);
			path = TCATest;
			sourceTree = "<group>";
		};
		AC0D18C92C05F0DA00867229 /* Preview Content */ = {
			isa = PBXGroup;
			children = (
				AC0D18CA2C05F0DA00867229 /* Preview Assets.xcassets */,
			);
			path = "Preview Content";
			sourceTree = "<group>";
		};
		AC0D19002C06065900867229 /* CoreLayer */ = {
			isa = PBXGroup;
			children = (
				AC0D19012C06067B00867229 /* Networking */,
			);
			path = CoreLayer;
			sourceTree = "<group>";
		};
		AC0D19102C072D0B00867229 /* FeatureLayer */ = {
			isa = PBXGroup;
			children = (
				AC0D19132C072D7100867229 /* Characters */,
			);
			path = FeatureLayer;
			sourceTree = "<group>";
		};
		AC0D19112C072D0B00867229 /* DomainLayer */ = {
			isa = PBXGroup;
			children = (
				AC0D19172C0731C500867229 /* CommonLogic */,
			);
			path = DomainLayer;
			sourceTree = "<group>";
		};
		AC0D19142C072FD200867229 /* Frameworks */ = {
			isa = PBXGroup;
			children = (
			);
			name = Frameworks;
			sourceTree = "<group>";
		};
/* End PBXGroup section */

/* Begin PBXNativeTarget section */
		AC0D18BF2C05F0D900867229 /* TCATest */ = {
			isa = PBXNativeTarget;
			buildConfigurationList = AC0D18CE2C05F0DA00867229 /* Build configuration list for PBXNativeTarget "TCATest" */;
			buildPhases = (
				AC0D18BC2C05F0D900867229 /* Sources */,
				AC0D18BD2C05F0D900867229 /* Frameworks */,
				AC0D18BE2C05F0D900867229 /* Resources */,
			);
			buildRules = (
			);
			dependencies = (
			);
			name = TCATest;
			packageProductDependencies = (
				AC0D19032C0606B200867229 /* Networking */,
				AC0D19062C0606D600867229 /* NukeUI */,
				AC0D19092C0606FD00867229 /* Dependencies */,
				AC0D190B2C0606FD00867229 /* DependenciesMacros */,
				AC0D190E2C06070D00867229 /* ComposableArchitecture */,
				AC0D19152C072FD200867229 /* Characters */,
				AC0D19182C07330F00867229 /* CommonLogic */,
			);
			productName = TCATest;
			productReference = AC0D18C02C05F0D900867229 /* TCATest.app */;
			productType = "com.apple.product-type.application";
		};
/* End PBXNativeTarget section */

/* Begin PBXProject section */
		AC0D18B82C05F0D900867229 /* Project object */ = {
			isa = PBXProject;
			attributes = {
				BuildIndependentTargetsInParallel = 1;
				LastSwiftUpdateCheck = 1530;
				LastUpgradeCheck = 1530;
				TargetAttributes = {
					AC0D18BF2C05F0D900867229 = {
						CreatedOnToolsVersion = 15.3;
					};
				};
			};
			buildConfigurationList = AC0D18BB2C05F0D900867229 /* Build configuration list for PBXProject "TCATest" */;
			compatibilityVersion = "Xcode 14.0";
			developmentRegion = en;
			hasScannedForEncodings = 0;
			knownRegions = (
				en,
				Base,
			);
			mainGroup = AC0D18B72C05F0D900867229;
			packageReferences = (
				AC0D19022C0606B200867229 /* XCLocalSwiftPackageReference "CoreLayer/Networking" */,
				AC0D19052C0606D600867229 /* XCRemoteSwiftPackageReference "Nuke" */,
				AC0D19082C0606FD00867229 /* XCRemoteSwiftPackageReference "swift-dependencies" */,
				AC0D190D2C06070D00867229 /* XCRemoteSwiftPackageReference "swift-composable-architecture" */,
			);
			productRefGroup = AC0D18C12C05F0D900867229 /* Products */;
			projectDirPath = "";
			projectRoot = "";
			targets = (
				AC0D18BF2C05F0D900867229 /* TCATest */,
			);
		};
/* End PBXProject section */

/* Begin PBXResourcesBuildPhase section */
		AC0D18BE2C05F0D900867229 /* Resources */ = {
			isa = PBXResourcesBuildPhase;
			buildActionMask = 2147483647;
			files = (
				AC0D18CB2C05F0DA00867229 /* Preview Assets.xcassets in Resources */,
				AC0D18C82C05F0DA00867229 /* Assets.xcassets in Resources */,
			);
			runOnlyForDeploymentPostprocessing = 0;
		};
/* End PBXResourcesBuildPhase section */

/* Begin PBXSourcesBuildPhase section */
		AC0D18BC2C05F0D900867229 /* Sources */ = {
			isa = PBXSourcesBuildPhase;
			buildActionMask = 2147483647;
			files = (
				AC0D18C62C05F0D900867229 /* ContentView.swift in Sources */,
				AC0D18C42C05F0D900867229 /* TCATestApp.swift in Sources */,
			);
			runOnlyForDeploymentPostprocessing = 0;
		};
/* End PBXSourcesBuildPhase section */

/* Begin XCBuildConfiguration section */
		AC0D18CC2C05F0DA00867229 /* Debug */ = {
			isa = XCBuildConfiguration;
			buildSettings = {
				ALWAYS_SEARCH_USER_PATHS = NO;
				ASSETCATALOG_COMPILER_GENERATE_SWIFT_ASSET_SYMBOL_EXTENSIONS = YES;
				CLANG_ANALYZER_NONNULL = YES;
				CLANG_ANALYZER_NUMBER_OBJECT_CONVERSION = YES_AGGRESSIVE;
				CLANG_CXX_LANGUAGE_STANDARD = "gnu++20";
				CLANG_ENABLE_MODULES = YES;
				CLANG_ENABLE_OBJC_ARC = YES;
				CLANG_ENABLE_OBJC_WEAK = YES;
				CLANG_WARN_BLOCK_CAPTURE_AUTORELEASING = YES;
				CLANG_WARN_BOOL_CONVERSION = YES;
				CLANG_WARN_COMMA = YES;
				CLANG_WARN_CONSTANT_CONVERSION = YES;
				CLANG_WARN_DEPRECATED_OBJC_IMPLEMENTATIONS = YES;
				CLANG_WARN_DIRECT_OBJC_ISA_USAGE = YES_ERROR;
				CLANG_WARN_DOCUMENTATION_COMMENTS = YES;
				CLANG_WARN_EMPTY_BODY = YES;
				CLANG_WARN_ENUM_CONVERSION = YES;
				CLANG_WARN_INFINITE_RECURSION = YES;
				CLANG_WARN_INT_CONVERSION = YES;
				CLANG_WARN_NON_LITERAL_NULL_CONVERSION = YES;
				CLANG_WARN_OBJC_IMPLICIT_RETAIN_SELF = YES;
				CLANG_WARN_OBJC_LITERAL_CONVERSION = YES;
				CLANG_WARN_OBJC_ROOT_CLASS = YES_ERROR;
				CLANG_WARN_QUOTED_INCLUDE_IN_FRAMEWORK_HEADER = YES;
				CLANG_WARN_RANGE_LOOP_ANALYSIS = YES;
				CLANG_WARN_STRICT_PROTOTYPES = YES;
				CLANG_WARN_SUSPICIOUS_MOVE = YES;
				CLANG_WARN_UNGUARDED_AVAILABILITY = YES_AGGRESSIVE;
				CLANG_WARN_UNREACHABLE_CODE = YES;
				CLANG_WARN__DUPLICATE_METHOD_MATCH = YES;
				COPY_PHASE_STRIP = NO;
				DEBUG_INFORMATION_FORMAT = dwarf;
				ENABLE_STRICT_OBJC_MSGSEND = YES;
				ENABLE_TESTABILITY = YES;
				ENABLE_USER_SCRIPT_SANDBOXING = YES;
				GCC_C_LANGUAGE_STANDARD = gnu17;
				GCC_DYNAMIC_NO_PIC = NO;
				GCC_NO_COMMON_BLOCKS = YES;
				GCC_OPTIMIZATION_LEVEL = 0;
				GCC_PREPROCESSOR_DEFINITIONS = (
					"DEBUG=1",
					"$(inherited)",
				);
				GCC_WARN_64_TO_32_BIT_CONVERSION = YES;
				GCC_WARN_ABOUT_RETURN_TYPE = YES_ERROR;
				GCC_WARN_UNDECLARED_SELECTOR = YES;
				GCC_WARN_UNINITIALIZED_AUTOS = YES_AGGRESSIVE;
				GCC_WARN_UNUSED_FUNCTION = YES;
				GCC_WARN_UNUSED_VARIABLE = YES;
				IPHONEOS_DEPLOYMENT_TARGET = 17.4;
				LOCALIZATION_PREFERS_STRING_CATALOGS = YES;
				MTL_ENABLE_DEBUG_INFO = INCLUDE_SOURCE;
				MTL_FAST_MATH = YES;
				ONLY_ACTIVE_ARCH = YES;
				SDKROOT = iphoneos;
				SWIFT_ACTIVE_COMPILATION_CONDITIONS = "DEBUG $(inherited)";
				SWIFT_OPTIMIZATION_LEVEL = "-Onone";
			};
			name = Debug;
		};
		AC0D18CD2C05F0DA00867229 /* Release */ = {
			isa = XCBuildConfiguration;
			buildSettings = {
				ALWAYS_SEARCH_USER_PATHS = NO;
				ASSETCATALOG_COMPILER_GENERATE_SWIFT_ASSET_SYMBOL_EXTENSIONS = YES;
				CLANG_ANALYZER_NONNULL = YES;
				CLANG_ANALYZER_NUMBER_OBJECT_CONVERSION = YES_AGGRESSIVE;
				CLANG_CXX_LANGUAGE_STANDARD = "gnu++20";
				CLANG_ENABLE_MODULES = YES;
				CLANG_ENABLE_OBJC_ARC = YES;
				CLANG_ENABLE_OBJC_WEAK = YES;
				CLANG_WARN_BLOCK_CAPTURE_AUTORELEASING = YES;
				CLANG_WARN_BOOL_CONVERSION = YES;
				CLANG_WARN_COMMA = YES;
				CLANG_WARN_CONSTANT_CONVERSION = YES;
				CLANG_WARN_DEPRECATED_OBJC_IMPLEMENTATIONS = YES;
				CLANG_WARN_DIRECT_OBJC_ISA_USAGE = YES_ERROR;
				CLANG_WARN_DOCUMENTATION_COMMENTS = YES;
				CLANG_WARN_EMPTY_BODY = YES;
				CLANG_WARN_ENUM_CONVERSION = YES;
				CLANG_WARN_INFINITE_RECURSION = YES;
				CLANG_WARN_INT_CONVERSION = YES;
				CLANG_WARN_NON_LITERAL_NULL_CONVERSION = YES;
				CLANG_WARN_OBJC_IMPLICIT_RETAIN_SELF = YES;
				CLANG_WARN_OBJC_LITERAL_CONVERSION = YES;
				CLANG_WARN_OBJC_ROOT_CLASS = YES_ERROR;
				CLANG_WARN_QUOTED_INCLUDE_IN_FRAMEWORK_HEADER = YES;
				CLANG_WARN_RANGE_LOOP_ANALYSIS = YES;
				CLANG_WARN_STRICT_PROTOTYPES = YES;
				CLANG_WARN_SUSPICIOUS_MOVE = YES;
				CLANG_WARN_UNGUARDED_AVAILABILITY = YES_AGGRESSIVE;
				CLANG_WARN_UNREACHABLE_CODE = YES;
				CLANG_WARN__DUPLICATE_METHOD_MATCH = YES;
				COPY_PHASE_STRIP = NO;
				DEBUG_INFORMATION_FORMAT = "dwarf-with-dsym";
				ENABLE_NS_ASSERTIONS = NO;
				ENABLE_STRICT_OBJC_MSGSEND = YES;
				ENABLE_USER_SCRIPT_SANDBOXING = YES;
				GCC_C_LANGUAGE_STANDARD = gnu17;
				GCC_NO_COMMON_BLOCKS = YES;
				GCC_WARN_64_TO_32_BIT_CONVERSION = YES;
				GCC_WARN_ABOUT_RETURN_TYPE = YES_ERROR;
				GCC_WARN_UNDECLARED_SELECTOR = YES;
				GCC_WARN_UNINITIALIZED_AUTOS = YES_AGGRESSIVE;
				GCC_WARN_UNUSED_FUNCTION = YES;
				GCC_WARN_UNUSED_VARIABLE = YES;
				IPHONEOS_DEPLOYMENT_TARGET = 17.4;
				LOCALIZATION_PREFERS_STRING_CATALOGS = YES;
				MTL_ENABLE_DEBUG_INFO = NO;
				MTL_FAST_MATH = YES;
				SDKROOT = iphoneos;
				SWIFT_COMPILATION_MODE = wholemodule;
				VALIDATE_PRODUCT = YES;
			};
			name = Release;
		};
		AC0D18CF2C05F0DA00867229 /* Debug */ = {
			isa = XCBuildConfiguration;
			buildSettings = {
				ASSETCATALOG_COMPILER_APPICON_NAME = AppIcon;
				ASSETCATALOG_COMPILER_GLOBAL_ACCENT_COLOR_NAME = AccentColor;
				CODE_SIGN_STYLE = Automatic;
				CURRENT_PROJECT_VERSION = 1;
				DEVELOPMENT_ASSET_PATHS = "\"TCATest/Preview Content\"";
				DEVELOPMENT_TEAM = 52H37DL66Y;
				ENABLE_PREVIEWS = YES;
				GENERATE_INFOPLIST_FILE = YES;
				INFOPLIST_KEY_UIApplicationSceneManifest_Generation = YES;
				INFOPLIST_KEY_UIApplicationSupportsIndirectInputEvents = YES;
				INFOPLIST_KEY_UILaunchScreen_Generation = YES;
				INFOPLIST_KEY_UISupportedInterfaceOrientations_iPad = "UIInterfaceOrientationPortrait UIInterfaceOrientationPortraitUpsideDown UIInterfaceOrientationLandscapeLeft UIInterfaceOrientationLandscapeRight";
				INFOPLIST_KEY_UISupportedInterfaceOrientations_iPhone = "UIInterfaceOrientationPortrait UIInterfaceOrientationLandscapeLeft UIInterfaceOrientationLandscapeRight";
				LD_RUNPATH_SEARCH_PATHS = (
					"$(inherited)",
					"@executable_path/Frameworks",
				);
				MARKETING_VERSION = 1.0;
				PRODUCT_BUNDLE_IDENTIFIER = "Artem-Riabtsev.TCATest";
				PRODUCT_NAME = "$(TARGET_NAME)";
				SWIFT_EMIT_LOC_STRINGS = YES;
				SWIFT_VERSION = 5.0;
				TARGETED_DEVICE_FAMILY = "1,2";
			};
			name = Debug;
		};
		AC0D18D02C05F0DA00867229 /* Release */ = {
			isa = XCBuildConfiguration;
			buildSettings = {
				ASSETCATALOG_COMPILER_APPICON_NAME = AppIcon;
				ASSETCATALOG_COMPILER_GLOBAL_ACCENT_COLOR_NAME = AccentColor;
				CODE_SIGN_STYLE = Automatic;
				CURRENT_PROJECT_VERSION = 1;
				DEVELOPMENT_ASSET_PATHS = "\"TCATest/Preview Content\"";
				DEVELOPMENT_TEAM = 52H37DL66Y;
				ENABLE_PREVIEWS = YES;
				GENERATE_INFOPLIST_FILE = YES;
				INFOPLIST_KEY_UIApplicationSceneManifest_Generation = YES;
				INFOPLIST_KEY_UIApplicationSupportsIndirectInputEvents = YES;
				INFOPLIST_KEY_UILaunchScreen_Generation = YES;
				INFOPLIST_KEY_UISupportedInterfaceOrientations_iPad = "UIInterfaceOrientationPortrait UIInterfaceOrientationPortraitUpsideDown UIInterfaceOrientationLandscapeLeft UIInterfaceOrientationLandscapeRight";
				INFOPLIST_KEY_UISupportedInterfaceOrientations_iPhone = "UIInterfaceOrientationPortrait UIInterfaceOrientationLandscapeLeft UIInterfaceOrientationLandscapeRight";
				LD_RUNPATH_SEARCH_PATHS = (
					"$(inherited)",
					"@executable_path/Frameworks",
				);
				MARKETING_VERSION = 1.0;
				PRODUCT_BUNDLE_IDENTIFIER = "Artem-Riabtsev.TCATest";
				PRODUCT_NAME = "$(TARGET_NAME)";
				SWIFT_EMIT_LOC_STRINGS = YES;
				SWIFT_VERSION = 5.0;
				TARGETED_DEVICE_FAMILY = "1,2";
			};
			name = Release;
		};
/* End XCBuildConfiguration section */

/* Begin XCConfigurationList section */
		AC0D18BB2C05F0D900867229 /* Build configuration list for PBXProject "TCATest" */ = {
			isa = XCConfigurationList;
			buildConfigurations = (
				AC0D18CC2C05F0DA00867229 /* Debug */,
				AC0D18CD2C05F0DA00867229 /* Release */,
			);
			defaultConfigurationIsVisible = 0;
			defaultConfigurationName = Release;
		};
		AC0D18CE2C05F0DA00867229 /* Build configuration list for PBXNativeTarget "TCATest" */ = {
			isa = XCConfigurationList;
			buildConfigurations = (
				AC0D18CF2C05F0DA00867229 /* Debug */,
				AC0D18D02C05F0DA00867229 /* Release */,
			);
			defaultConfigurationIsVisible = 0;
			defaultConfigurationName = Release;
		};
/* End XCConfigurationList section */

/* Begin XCLocalSwiftPackageReference section */
		AC0D19022C0606B200867229 /* XCLocalSwiftPackageReference "CoreLayer/Networking" */ = {
			isa = XCLocalSwiftPackageReference;
			relativePath = CoreLayer/Networking;
		};
/* End XCLocalSwiftPackageReference section */

/* Begin XCRemoteSwiftPackageReference section */
		AC0D19052C0606D600867229 /* XCRemoteSwiftPackageReference "Nuke" */ = {
			isa = XCRemoteSwiftPackageReference;
			repositoryURL = "https://github.com/kean/Nuke.git";
			requirement = {
				kind = upToNextMajorVersion;
				minimumVersion = 12.7.0;
			};
		};
		AC0D19082C0606FD00867229 /* XCRemoteSwiftPackageReference "swift-dependencies" */ = {
			isa = XCRemoteSwiftPackageReference;
			repositoryURL = "https://github.com/pointfreeco/swift-dependencies";
			requirement = {
				kind = upToNextMajorVersion;
				minimumVersion = 1.3.0;
			};
		};
		AC0D190D2C06070D00867229 /* XCRemoteSwiftPackageReference "swift-composable-architecture" */ = {
			isa = XCRemoteSwiftPackageReference;
			repositoryURL = "https://github.com/pointfreeco/swift-composable-architecture";
			requirement = {
				kind = upToNextMajorVersion;
				minimumVersion = 1.10.4;
			};
		};
/* End XCRemoteSwiftPackageReference section */

/* Begin XCSwiftPackageProductDependency section */
		AC0D19032C0606B200867229 /* Networking */ = {
			isa = XCSwiftPackageProductDependency;
			productName = Networking;
		};
		AC0D19062C0606D600867229 /* NukeUI */ = {
			isa = XCSwiftPackageProductDependency;
			package = AC0D19052C0606D600867229 /* XCRemoteSwiftPackageReference "Nuke" */;
			productName = NukeUI;
		};
		AC0D19092C0606FD00867229 /* Dependencies */ = {
			isa = XCSwiftPackageProductDependency;
			package = AC0D19082C0606FD00867229 /* XCRemoteSwiftPackageReference "swift-dependencies" */;
			productName = Dependencies;
		};
		AC0D190B2C0606FD00867229 /* DependenciesMacros */ = {
			isa = XCSwiftPackageProductDependency;
			package = AC0D19082C0606FD00867229 /* XCRemoteSwiftPackageReference "swift-dependencies" */;
			productName = DependenciesMacros;
		};
		AC0D190E2C06070D00867229 /* ComposableArchitecture */ = {
			isa = XCSwiftPackageProductDependency;
			package = AC0D190D2C06070D00867229 /* XCRemoteSwiftPackageReference "swift-composable-architecture" */;
			productName = ComposableArchitecture;
		};
		AC0D19152C072FD200867229 /* Characters */ = {
			isa = XCSwiftPackageProductDependency;
			productName = Characters;
		};
		AC0D19182C07330F00867229 /* CommonLogic */ = {
			isa = XCSwiftPackageProductDependency;
			productName = CommonLogic;
		};
/* End XCSwiftPackageProductDependency section */
	};
	rootObject = AC0D18B82C05F0D900867229 /* Project object */;
}
